{
  "name": "opentelemetry-node-metrics-example",
  "version": "1.0.0",
  "lockfileVersion": 2,
  "requires": true,
  "packages": {
    "": {
      "name": "opentelemetry-node-metrics-example",
      "version": "1.0.0",
      "license": "ISC",
      "dependencies": {
        "@opentelemetry/exporter-prometheus": "^0.33.0",
        "@opentelemetry/sdk-metrics": "^0.33.0",
        "opentelemetry-node-metrics": "file:.."
      }
    },
    "..": {
      "version": "0.0.0-placeholder",
      "license": "Apache-2.0"
    },
    "node_modules/@opentelemetry/api": {
      "version": "1.1.0",
      "resolved": "https://registry.npmjs.org/@opentelemetry/api/-/api-1.1.0.tgz",
      "integrity": "sha512-hf+3bwuBwtXsugA2ULBc95qxrOqP2pOekLz34BJhcAKawt94vfeNyUKpYc0lZQ/3sCP6LqRa7UAdHA7i5UODzQ==",
      "engines": {
        "node": ">=8.0.0"
      }
    },
    "node_modules/@opentelemetry/api-metrics": {
      "version": "0.33.0",
      "resolved": "https://registry.npmjs.org/@opentelemetry/api-metrics/-/api-metrics-0.33.0.tgz",
      "integrity": "sha512-78evfPRRRnJA6uZ3xuBuS3VZlXTO/LRs+Ff1iv3O/7DgibCtq9k27T6Zlj8yRdJDFmcjcbQrvC0/CpDpWHaZYA==",
      "dependencies": {
        "@opentelemetry/api": "^1.0.0"
      },
      "engines": {
        "node": ">=14"
      }
    },
    "node_modules/@opentelemetry/core": {
      "version": "1.7.0",
      "resolved": "https://registry.npmjs.org/@opentelemetry/core/-/core-1.7.0.tgz",
      "integrity": "sha512-AVqAi5uc8DrKJBimCTFUT4iFI+5eXpo4sYmGbQ0CypG0piOTHE2g9c5aSoTGYXu3CzOmJZf7pT6Xh+nwm5d6yQ==",
      "dependencies": {
        "@opentelemetry/semantic-conventions": "1.7.0"
      },
      "engines": {
        "node": ">=14"
      },
      "peerDependencies": {
        "@opentelemetry/api": ">=1.0.0 <1.3.0"
      }
    },
    "node_modules/@opentelemetry/exporter-prometheus": {
      "version": "0.33.0",
      "resolved": "https://registry.npmjs.org/@opentelemetry/exporter-prometheus/-/exporter-prometheus-0.33.0.tgz",
      "integrity": "sha512-J9H4iVDvgLfdmIQvRM7+sNJcaHRVdB8tear+WLzbXC52psMPczlhvytBRhL+23rGQQWM/J+EBrd07/qFsvnBBQ==",
      "dependencies": {
        "@opentelemetry/api-metrics": "0.33.0",
        "@opentelemetry/core": "1.7.0",
        "@opentelemetry/sdk-metrics": "0.33.0"
      },
      "engines": {
        "node": ">=14"
      },
      "peerDependencies": {
        "@opentelemetry/api": "^1.0.0"
      }
    },
    "node_modules/@opentelemetry/resources": {
      "version": "1.7.0",
      "resolved": "https://registry.npmjs.org/@opentelemetry/resources/-/resources-1.7.0.tgz",
      "integrity": "sha512-u1M0yZotkjyKx8dj+46Sg5thwtOTBmtRieNXqdCRiWUp6SfFiIP0bI+1XK3LhuXqXkBXA1awJZaTqKduNMStRg==",
      "dependencies": {
        "@opentelemetry/core": "1.7.0",
        "@opentelemetry/semantic-conventions": "1.7.0"
      },
      "engines": {
        "node": ">=14"
      },
      "peerDependencies": {
        "@opentelemetry/api": ">=1.0.0 <1.3.0"
      }
    },
    "node_modules/@opentelemetry/sdk-metrics": {
      "version": "0.33.0",
      "resolved": "https://registry.npmjs.org/@opentelemetry/sdk-metrics/-/sdk-metrics-0.33.0.tgz",
      "integrity": "sha512-ZXPixOlTd/FHLwpkmm5nTpJE7bZOPfmbSz8hBVFCEHkXE1aKEKaM38UFnZ+2xzOY1tDsDwyxEiiBiDX8y3039A==",
      "dependencies": {
        "@opentelemetry/api-metrics": "0.33.0",
        "@opentelemetry/core": "1.7.0",
        "@opentelemetry/resources": "1.7.0",
        "lodash.merge": "4.6.2"
      },
      "engines": {
        "node": ">=14"
      },
      "peerDependencies": {
        "@opentelemetry/api": "^1.0.0"
      }
    },
    "node_modules/@opentelemetry/semantic-conventions": {
      "version": "1.7.0",
      "resolved": "https://registry.npmjs.org/@opentelemetry/semantic-conventions/-/semantic-conventions-1.7.0.tgz",
      "integrity": "sha512-FGBx/Qd09lMaqQcogCHyYrFEpTx4cAjeS+48lMIR12z7LdH+zofGDVQSubN59nL6IpubfKqTeIDu9rNO28iHVA==",
      "engines": {
        "node": ">=14"
      }
    },
    "node_modules/lodash.merge": {
      "version": "4.6.2",
      "resolved": "https://registry.npmjs.org/lodash.merge/-/lodash.merge-4.6.2.tgz",
      "integrity": "sha512-0KpjqXRVvrYyCsX1swR/XTK0va6VQkQM6MNo7PqW77ByjAhoARA8EfrP1N4+KlKj8YS0ZUCtRT/YUuhyYDujIQ=="
    },
    "node_modules/opentelemetry-node-metrics": {
      "resolved": "..",
      "link": true
    }
  },
  "dependencies": {
    "@opentelemetry/api": {
      "version": "1.1.0",
      "resolved": "https://registry.npmjs.org/@opentelemetry/api/-/api-1.1.0.tgz",
      "integrity": "sha512-hf+3bwuBwtXsugA2ULBc95qxrOqP2pOekLz34BJhcAKawt94vfeNyUKpYc0lZQ/3sCP6LqRa7UAdHA7i5UODzQ=="
    },
    "@opentelemetry/api-metrics": {
      "version": "0.33.0",
      "resolved": "https://registry.npmjs.org/@opentelemetry/api-metrics/-/api-metrics-0.33.0.tgz",
      "integrity": "sha512-78evfPRRRnJA6uZ3xuBuS3VZlXTO/LRs+Ff1iv3O/7DgibCtq9k27T6Zlj8yRdJDFmcjcbQrvC0/CpDpWHaZYA==",
      "requires": {
        "@opentelemetry/api": "^1.0.0"
      }
    },
    "@opentelemetry/core": {
      "version": "1.7.0",
      "resolved": "https://registry.npmjs.org/@opentelemetry/core/-/core-1.7.0.tgz",
      "integrity": "sha512-AVqAi5uc8DrKJBimCTFUT4iFI+5eXpo4sYmGbQ0CypG0piOTHE2g9c5aSoTGYXu3CzOmJZf7pT6Xh+nwm5d6yQ==",
      "requires": {
        "@opentelemetry/semantic-conventions": "1.7.0"
      }
    },
    "@opentelemetry/exporter-prometheus": {
      "version": "0.33.0",
      "resolved": "https://registry.npmjs.org/@opentelemetry/exporter-prometheus/-/exporter-prometheus-0.33.0.tgz",
      "integrity": "sha512-J9H4iVDvgLfdmIQvRM7+sNJcaHRVdB8tear+WLzbXC52psMPczlhvytBRhL+23rGQQWM/J+EBrd07/qFsvnBBQ==",
      "requires": {
        "@opentelemetry/api-metrics": "0.33.0",
        "@opentelemetry/core": "1.7.0",
        "@opentelemetry/sdk-metrics": "0.33.0"
      }
    },
    "@opentelemetry/resources": {
      "version": "1.7.0",
      "resolved": "https://registry.npmjs.org/@opentelemetry/resources/-/resources-1.7.0.tgz",
      "integrity": "sha512-u1M0yZotkjyKx8dj+46Sg5thwtOTBmtRieNXqdCRiWUp6SfFiIP0bI+1XK3LhuXqXkBXA1awJZaTqKduNMStRg==",
      "requires": {
        "@opentelemetry/core": "1.7.0",
        "@opentelemetry/semantic-conventions": "1.7.0"
      }
    },
    "@opentelemetry/sdk-metrics": {
      "version": "0.33.0",
      "resolved": "https://registry.npmjs.org/@opentelemetry/sdk-metrics/-/sdk-metrics-0.33.0.tgz",
      "integrity": "sha512-ZXPixOlTd/FHLwpkmm5nTpJE7bZOPfmbSz8hBVFCEHkXE1aKEKaM38UFnZ+2xzOY1tDsDwyxEiiBiDX8y3039A==",
      "requires": {
        "@opentelemetry/api-metrics": "0.33.0",
        "@opentelemetry/core": "1.7.0",
        "@opentelemetry/resources": "1.7.0",
        "lodash.merge": "4.6.2"
      }
    },
    "@opentelemetry/semantic-conventions": {
      "version": "1.7.0",
      "resolved": "https://registry.npmjs.org/@opentelemetry/semantic-conventions/-/semantic-conventions-1.7.0.tgz",
      "integrity": "sha512-FGBx/Qd09lMaqQcogCHyYrFEpTx4cAjeS+48lMIR12z7LdH+zofGDVQSubN59nL6IpubfKqTeIDu9rNO28iHVA=="
    },
    "lodash.merge": {
      "version": "4.6.2",
      "resolved": "https://registry.npmjs.org/lodash.merge/-/lodash.merge-4.6.2.tgz",
      "integrity": "sha512-0KpjqXRVvrYyCsX1swR/XTK0va6VQkQM6MNo7PqW77ByjAhoARA8EfrP1N4+KlKj8YS0ZUCtRT/YUuhyYDujIQ=="
    },
    "opentelemetry-node-metrics": {
      "version": "file:.."
    }
  }
}
