{
  "name": "opentelemetry-node-metrics-example",
  "version": "1.0.0",
  "lockfileVersion": 2,
  "requires": true,
  "packages": {
    "": {
      "name": "opentelemetry-node-metrics-example",
      "version": "1.0.0",
      "license": "ISC",
      "dependencies": {
        "@opentelemetry/exporter-prometheus": "^0.27.0",
        "@opentelemetry/sdk-metrics-base": "^0.27.0",
        "opentelemetry-node-metrics": "file:.."
      }
    },
    "..": {
      "version": "0.0.0-placeholder",
      "license": "Apache-2.0"
    },
    "node_modules/@opentelemetry/api": {
      "version": "1.0.4",
      "resolved": "https://registry.npmjs.org/@opentelemetry/api/-/api-1.0.4.tgz",
      "integrity": "sha512-BuJuXRSJNQ3QoKA6GWWDyuLpOUck+9hAXNMCnrloc1aWVoy6Xq6t9PUV08aBZ4Lutqq2LEHM486bpZqoViScog==",
      "peer": true,
      "engines": {
        "node": ">=8.0.0"
      }
    },
    "node_modules/@opentelemetry/api-metrics": {
      "version": "0.27.0",
      "resolved": "https://registry.npmjs.org/@opentelemetry/api-metrics/-/api-metrics-0.27.0.tgz",
      "integrity": "sha512-tB79288bwjkdhPNpw4UdOEy3bacVwtol6Que7cAu8KEJ9ULjRfSiwpYEwJY/oER3xZ7zNFz0uiJ7N1jSiotpVA==",
      "engines": {
        "node": ">=8.0.0"
      }
    },
    "node_modules/@opentelemetry/core": {
      "version": "1.0.1",
      "resolved": "https://registry.npmjs.org/@opentelemetry/core/-/core-1.0.1.tgz",
      "integrity": "sha512-90nQ2X6b/8X+xjcLDBYKooAcOsIlwLRYm+1VsxcX5cHl6V4CSVmDpBreQSDH/A21SqROzapk6813008SatmPpQ==",
      "dependencies": {
        "@opentelemetry/semantic-conventions": "1.0.1"
      },
      "engines": {
        "node": ">=8.5.0"
      },
      "peerDependencies": {
        "@opentelemetry/api": ">=1.0.0 <1.1.0"
      }
    },
    "node_modules/@opentelemetry/exporter-prometheus": {
      "version": "0.27.0",
      "resolved": "https://registry.npmjs.org/@opentelemetry/exporter-prometheus/-/exporter-prometheus-0.27.0.tgz",
      "integrity": "sha512-fbdV+iQAv/WNhiv57C6+9Lwyhc6yJuDy3eyYSyPSVPgCyclGS3fvyTaWNwPbrkE53W8zZHPm+88rAaeQgEjo0w==",
      "dependencies": {
        "@opentelemetry/api-metrics": "0.27.0",
        "@opentelemetry/core": "1.0.1",
        "@opentelemetry/sdk-metrics-base": "0.27.0"
      },
      "engines": {
        "node": ">=8.0.0"
      },
      "peerDependencies": {
        "@opentelemetry/api": "^1.0.0"
      }
    },
    "node_modules/@opentelemetry/resources": {
      "version": "1.0.1",
      "resolved": "https://registry.npmjs.org/@opentelemetry/resources/-/resources-1.0.1.tgz",
      "integrity": "sha512-p8DevOaAEepPucUtImR4cZKHOE2L1jgQAtkdZporV+XnxPA/HqCHPEESyUVuo4f5M0NUlL6k5Pba75KwNJlTRg==",
      "dependencies": {
        "@opentelemetry/core": "1.0.1",
        "@opentelemetry/semantic-conventions": "1.0.1"
      },
      "engines": {
        "node": ">=8.0.0"
      },
      "peerDependencies": {
        "@opentelemetry/api": ">=1.0.0 <1.1.0"
      }
    },
    "node_modules/@opentelemetry/sdk-metrics-base": {
      "version": "0.27.0",
      "resolved": "https://registry.npmjs.org/@opentelemetry/sdk-metrics-base/-/sdk-metrics-base-0.27.0.tgz",
      "integrity": "sha512-HpiWI4sVNsjp3FGyUlc24KvUY2Whl4PQVwcbA/gWv2kHaLQrDJrWC+3rjUR+87Mrd0nsiqJ85xhGFU6IK8h7gg==",
      "dependencies": {
        "@opentelemetry/api-metrics": "0.27.0",
        "@opentelemetry/core": "1.0.1",
        "@opentelemetry/resources": "1.0.1",
        "lodash.merge": "^4.6.2"
      },
      "engines": {
        "node": ">=8.0.0"
      },
      "peerDependencies": {
        "@opentelemetry/api": "^1.0.0"
      }
    },
    "node_modules/@opentelemetry/semantic-conventions": {
      "version": "1.0.1",
      "resolved": "https://registry.npmjs.org/@opentelemetry/semantic-conventions/-/semantic-conventions-1.0.1.tgz",
      "integrity": "sha512-7XU1sfQ8uCVcXLxtAHA8r3qaLJ2oq7sKtEwzZhzuEXqYmjW+n+J4yM3kNo0HQo3Xp1eUe47UM6Wy6yuAvIyllg==",
      "engines": {
        "node": ">=8.0.0"
      }
    },
    "node_modules/lodash.merge": {
      "version": "4.6.2",
      "resolved": "https://registry.npmjs.org/lodash.merge/-/lodash.merge-4.6.2.tgz",
      "integrity": "sha512-0KpjqXRVvrYyCsX1swR/XTK0va6VQkQM6MNo7PqW77ByjAhoARA8EfrP1N4+KlKj8YS0ZUCtRT/YUuhyYDujIQ=="
    },
    "node_modules/opentelemetry-node-metrics": {
      "resolved": "..",
      "link": true
    }
  },
  "dependencies": {
    "@opentelemetry/api": {
      "version": "1.0.4",
      "resolved": "https://registry.npmjs.org/@opentelemetry/api/-/api-1.0.4.tgz",
      "integrity": "sha512-BuJuXRSJNQ3QoKA6GWWDyuLpOUck+9hAXNMCnrloc1aWVoy6Xq6t9PUV08aBZ4Lutqq2LEHM486bpZqoViScog==",
      "peer": true
    },
    "@opentelemetry/api-metrics": {
      "version": "0.27.0",
      "resolved": "https://registry.npmjs.org/@opentelemetry/api-metrics/-/api-metrics-0.27.0.tgz",
      "integrity": "sha512-tB79288bwjkdhPNpw4UdOEy3bacVwtol6Que7cAu8KEJ9ULjRfSiwpYEwJY/oER3xZ7zNFz0uiJ7N1jSiotpVA=="
    },
    "@opentelemetry/core": {
      "version": "1.0.1",
      "resolved": "https://registry.npmjs.org/@opentelemetry/core/-/core-1.0.1.tgz",
      "integrity": "sha512-90nQ2X6b/8X+xjcLDBYKooAcOsIlwLRYm+1VsxcX5cHl6V4CSVmDpBreQSDH/A21SqROzapk6813008SatmPpQ==",
      "requires": {
        "@opentelemetry/semantic-conventions": "1.0.1"
      }
    },
    "@opentelemetry/exporter-prometheus": {
      "version": "0.27.0",
      "resolved": "https://registry.npmjs.org/@opentelemetry/exporter-prometheus/-/exporter-prometheus-0.27.0.tgz",
      "integrity": "sha512-fbdV+iQAv/WNhiv57C6+9Lwyhc6yJuDy3eyYSyPSVPgCyclGS3fvyTaWNwPbrkE53W8zZHPm+88rAaeQgEjo0w==",
      "requires": {
        "@opentelemetry/api-metrics": "0.27.0",
        "@opentelemetry/core": "1.0.1",
        "@opentelemetry/sdk-metrics-base": "0.27.0"
      }
    },
    "@opentelemetry/resources": {
      "version": "1.0.1",
      "resolved": "https://registry.npmjs.org/@opentelemetry/resources/-/resources-1.0.1.tgz",
      "integrity": "sha512-p8DevOaAEepPucUtImR4cZKHOE2L1jgQAtkdZporV+XnxPA/HqCHPEESyUVuo4f5M0NUlL6k5Pba75KwNJlTRg==",
      "requires": {
        "@opentelemetry/core": "1.0.1",
        "@opentelemetry/semantic-conventions": "1.0.1"
      }
    },
    "@opentelemetry/sdk-metrics-base": {
      "version": "0.27.0",
      "resolved": "https://registry.npmjs.org/@opentelemetry/sdk-metrics-base/-/sdk-metrics-base-0.27.0.tgz",
      "integrity": "sha512-HpiWI4sVNsjp3FGyUlc24KvUY2Whl4PQVwcbA/gWv2kHaLQrDJrWC+3rjUR+87Mrd0nsiqJ85xhGFU6IK8h7gg==",
      "requires": {
        "@opentelemetry/api-metrics": "0.27.0",
        "@opentelemetry/core": "1.0.1",
        "@opentelemetry/resources": "1.0.1",
        "lodash.merge": "^4.6.2"
      }
    },
    "@opentelemetry/semantic-conventions": {
      "version": "1.0.1",
      "resolved": "https://registry.npmjs.org/@opentelemetry/semantic-conventions/-/semantic-conventions-1.0.1.tgz",
      "integrity": "sha512-7XU1sfQ8uCVcXLxtAHA8r3qaLJ2oq7sKtEwzZhzuEXqYmjW+n+J4yM3kNo0HQo3Xp1eUe47UM6Wy6yuAvIyllg=="
    },
    "lodash.merge": {
      "version": "4.6.2",
      "resolved": "https://registry.npmjs.org/lodash.merge/-/lodash.merge-4.6.2.tgz",
      "integrity": "sha512-0KpjqXRVvrYyCsX1swR/XTK0va6VQkQM6MNo7PqW77ByjAhoARA8EfrP1N4+KlKj8YS0ZUCtRT/YUuhyYDujIQ=="
    },
    "opentelemetry-node-metrics": {
      "version": "file:.."
    }
  }
}
