{
  "name": "opentelemetry-node-metrics",
  "version": "0.0.0-placeholder",
  "lockfileVersion": 2,
  "requires": true,
  "packages": {
    "": {
      "name": "opentelemetry-node-metrics",
      "version": "0.0.0-placeholder",
      "license": "Apache-2.0",
      "devDependencies": {
        "@opentelemetry/sdk-metrics-base": "^0.28.0"
      }
    },
    "node_modules/@opentelemetry/api": {
      "version": "1.1.0",
      "resolved": "https://registry.npmjs.org/@opentelemetry/api/-/api-1.1.0.tgz",
      "integrity": "sha512-hf+3bwuBwtXsugA2ULBc95qxrOqP2pOekLz34BJhcAKawt94vfeNyUKpYc0lZQ/3sCP6LqRa7UAdHA7i5UODzQ==",
      "dev": true,
      "engines": {
        "node": ">=8.0.0"
      }
    },
    "node_modules/@opentelemetry/api-metrics": {
      "version": "0.28.0",
      "resolved": "https://registry.npmjs.org/@opentelemetry/api-metrics/-/api-metrics-0.28.0.tgz",
      "integrity": "sha512-UcrJqEiV20YTibYXUT0TDBtl4uLh4tMpAYSa1g1780QrVMlsOMAnBrdD3EYTMPog14Zw+2QzPnDJ4X7q67YrSA==",
      "dev": true,
      "dependencies": {
        "@opentelemetry/api": "^1.0.0"
      },
      "engines": {
        "node": ">=8.12.0"
      }
    },
    "node_modules/@opentelemetry/core": {
      "version": "1.2.0",
      "resolved": "https://registry.npmjs.org/@opentelemetry/core/-/core-1.2.0.tgz",
      "integrity": "sha512-QiKp8fBbT9ZhRTP+ZVVMyqH62tD/ZQa4gWPi+GnpNetvK1SWPO/8DmRpaSXHwAhu5FWUDJrbFgpLsrDd1zGPOw==",
      "dev": true,
      "dependencies": {
        "@opentelemetry/semantic-conventions": "1.2.0"
      },
      "engines": {
        "node": ">=8.12.0"
      },
      "peerDependencies": {
        "@opentelemetry/api": ">=1.0.0 <1.2.0"
      }
    },
    "node_modules/@opentelemetry/resources": {
      "version": "1.2.0",
      "resolved": "https://registry.npmjs.org/@opentelemetry/resources/-/resources-1.2.0.tgz",
      "integrity": "sha512-S5ZlZa2JF+1qhiF7eb3tTtDfKmTODO//pvam9vEyZvr+/At45rIQ7cyznRdMWCppZbholwXWXnrKml29IIG9vQ==",
      "dev": true,
      "dependencies": {
        "@opentelemetry/core": "1.2.0",
        "@opentelemetry/semantic-conventions": "1.2.0"
      },
      "engines": {
        "node": ">=8.12.0"
      },
      "peerDependencies": {
        "@opentelemetry/api": ">=1.0.0 <1.2.0"
      }
    },
    "node_modules/@opentelemetry/sdk-metrics-base": {
      "version": "0.28.0",
      "resolved": "https://registry.npmjs.org/@opentelemetry/sdk-metrics-base/-/sdk-metrics-base-0.28.0.tgz",
      "integrity": "sha512-PFjk9+WWU6Y51ZjxClnPW1rzTtcT79pR1FTiFjTsNmKSG0zU3qvUHAoTo0+jvvrO0Djihj7AE+iIG2xLWY4GNQ==",
      "dev": true,
      "dependencies": {
        "@opentelemetry/api-metrics": "0.28.0",
        "@opentelemetry/core": "1.2.0",
        "@opentelemetry/resources": "1.2.0",
        "lodash.merge": "4.6.2"
      },
      "engines": {
        "node": ">=8.12.0"
      },
      "peerDependencies": {
        "@opentelemetry/api": "^1.0.0"
      }
    },
    "node_modules/@opentelemetry/semantic-conventions": {
      "version": "1.2.0",
      "resolved": "https://registry.npmjs.org/@opentelemetry/semantic-conventions/-/semantic-conventions-1.2.0.tgz",
      "integrity": "sha512-BNKB9fiYVghALJzCuWO3eNYfdTExPVK4ykrtmfNfy0A6UWYhOYjGMXifUmkunDJNL8ju9tBobo8jF0WR9zGy1Q==",
      "dev": true,
      "engines": {
        "node": ">=8.12.0"
      }
    },
    "node_modules/lodash.merge": {
      "version": "4.6.2",
      "resolved": "https://registry.npmjs.org/lodash.merge/-/lodash.merge-4.6.2.tgz",
      "integrity": "sha512-0KpjqXRVvrYyCsX1swR/XTK0va6VQkQM6MNo7PqW77ByjAhoARA8EfrP1N4+KlKj8YS0ZUCtRT/YUuhyYDujIQ==",
      "dev": true
    }
  },
  "dependencies": {
    "@opentelemetry/api": {
      "version": "1.1.0",
      "resolved": "https://registry.npmjs.org/@opentelemetry/api/-/api-1.1.0.tgz",
      "integrity": "sha512-hf+3bwuBwtXsugA2ULBc95qxrOqP2pOekLz34BJhcAKawt94vfeNyUKpYc0lZQ/3sCP6LqRa7UAdHA7i5UODzQ==",
      "dev": true
    },
    "@opentelemetry/api-metrics": {
      "version": "0.28.0",
      "resolved": "https://registry.npmjs.org/@opentelemetry/api-metrics/-/api-metrics-0.28.0.tgz",
      "integrity": "sha512-UcrJqEiV20YTibYXUT0TDBtl4uLh4tMpAYSa1g1780QrVMlsOMAnBrdD3EYTMPog14Zw+2QzPnDJ4X7q67YrSA==",
      "dev": true,
      "requires": {
        "@opentelemetry/api": "^1.0.0"
      }
    },
    "@opentelemetry/core": {
      "version": "1.2.0",
      "resolved": "https://registry.npmjs.org/@opentelemetry/core/-/core-1.2.0.tgz",
      "integrity": "sha512-QiKp8fBbT9ZhRTP+ZVVMyqH62tD/ZQa4gWPi+GnpNetvK1SWPO/8DmRpaSXHwAhu5FWUDJrbFgpLsrDd1zGPOw==",
      "dev": true,
      "requires": {
        "@opentelemetry/semantic-conventions": "1.2.0"
      }
    },
    "@opentelemetry/resources": {
      "version": "1.2.0",
      "resolved": "https://registry.npmjs.org/@opentelemetry/resources/-/resources-1.2.0.tgz",
      "integrity": "sha512-S5ZlZa2JF+1qhiF7eb3tTtDfKmTODO//pvam9vEyZvr+/At45rIQ7cyznRdMWCppZbholwXWXnrKml29IIG9vQ==",
      "dev": true,
      "requires": {
        "@opentelemetry/core": "1.2.0",
        "@opentelemetry/semantic-conventions": "1.2.0"
      }
    },
    "@opentelemetry/sdk-metrics-base": {
      "version": "0.28.0",
      "resolved": "https://registry.npmjs.org/@opentelemetry/sdk-metrics-base/-/sdk-metrics-base-0.28.0.tgz",
      "integrity": "sha512-PFjk9+WWU6Y51ZjxClnPW1rzTtcT79pR1FTiFjTsNmKSG0zU3qvUHAoTo0+jvvrO0Djihj7AE+iIG2xLWY4GNQ==",
      "dev": true,
      "requires": {
        "@opentelemetry/api-metrics": "0.28.0",
        "@opentelemetry/core": "1.2.0",
        "@opentelemetry/resources": "1.2.0",
        "lodash.merge": "4.6.2"
      }
    },
    "@opentelemetry/semantic-conventions": {
      "version": "1.2.0",
      "resolved": "https://registry.npmjs.org/@opentelemetry/semantic-conventions/-/semantic-conventions-1.2.0.tgz",
      "integrity": "sha512-BNKB9fiYVghALJzCuWO3eNYfdTExPVK4ykrtmfNfy0A6UWYhOYjGMXifUmkunDJNL8ju9tBobo8jF0WR9zGy1Q==",
      "dev": true
    },
    "lodash.merge": {
      "version": "4.6.2",
      "resolved": "https://registry.npmjs.org/lodash.merge/-/lodash.merge-4.6.2.tgz",
      "integrity": "sha512-0KpjqXRVvrYyCsX1swR/XTK0va6VQkQM6MNo7PqW77ByjAhoARA8EfrP1N4+KlKj8YS0ZUCtRT/YUuhyYDujIQ==",
      "dev": true
    }
  }
}
